// !$*UTF8*$!
{
	archiveVersion = 1;
	classes = {
	};
	objectVersion = 46;
	objects = {

/* Begin PBXBuildFile section */
		3F1A51681BEB46A800FF0554 /* AppDelegate.swift in Sources */ = {isa = PBXBuildFile; fileRef = 3F1A51671BEB46A800FF0554 /* AppDelegate.swift */; };
		3F1A516A1BEB46A800FF0554 /* ViewController.swift in Sources */ = {isa = PBXBuildFile; fileRef = 3F1A51691BEB46A800FF0554 /* ViewController.swift */; };
		3F1A516D1BEB46A800FF0554 /* Main.storyboard in Resources */ = {isa = PBXBuildFile; fileRef = 3F1A516B1BEB46A800FF0554 /* Main.storyboard */; };
		3F1A516F1BEB46A800FF0554 /* Assets.xcassets in Resources */ = {isa = PBXBuildFile; fileRef = 3F1A516E1BEB46A800FF0554 /* Assets.xcassets */; };
		3F1A51721BEB46A800FF0554 /* LaunchScreen.storyboard in Resources */ = {isa = PBXBuildFile; fileRef = 3F1A51701BEB46A800FF0554 /* LaunchScreen.storyboard */; };
		3F1A517D1BEB46A800FF0554 /* Snap_Effect_to_UI_ComponentsTests.swift in Sources */ = {isa = PBXBuildFile; fileRef = 3F1A517C1BEB46A800FF0554 /* Snap_Effect_to_UI_ComponentsTests.swift */; };
		3F1A51881BEB46A800FF0554 /* Snap_Effect_to_UI_ComponentsUITests.swift in Sources */ = {isa = PBXBuildFile; fileRef = 3F1A51871BEB46A800FF0554 /* Snap_Effect_to_UI_ComponentsUITests.swift */; };
/* End PBXBuildFile section */

/* Begin PBXContainerItemProxy section */
		3F1A51791BEB46A800FF0554 /* PBXContainerItemProxy */ = {
			isa = PBXContainerItemProxy;
			containerPortal = 3F1A515C1BEB46A800FF0554 /* Project object */;
			proxyType = 1;
			remoteGlobalIDString = 3F1A51631BEB46A800FF0554;
			remoteInfo = "Snap Effect to UI Components";
		};
		3F1A51841BEB46A800FF0554 /* PBXContainerItemProxy */ = {
			isa = PBXContainerItemProxy;
			containerPortal = 3F1A515C1BEB46A800FF0554 /* Project object */;
			proxyType = 1;
			remoteGlobalIDString = 3F1A51631BEB46A800FF0554;
			remoteInfo = "Snap Effect to UI Components";
		};
/* End PBXContainerItemProxy section */

/* Begin PBXFileReference section */
		3F1A51641BEB46A800FF0554 /* Snap Effect to UI Components.app */ = {isa = PBXFileReference; explicitFileType = wrapper.application; includeInIndex = 0; path = "Snap Effect to UI Components.app"; sourceTree = BUILT_PRODUCTS_DIR; };
		3F1A51671BEB46A800FF0554 /* AppDelegate.swift */ = {isa = PBXFileReference; lastKnownFileType = sourcecode.swift; path = AppDelegate.swift; sourceTree = "<group>"; };
		3F1A51691BEB46A800FF0554 /* ViewController.swift */ = {isa = PBXFileReference; lastKnownFileType = sourcecode.swift; path = ViewController.swift; sourceTree = "<group>"; };
		3F1A516C1BEB46A800FF0554 /* Base */ = {isa = PBXFileReference; lastKnownFileType = file.storyboard; name = Base; path = Base.lproj/Main.storyboard; sourceTree = "<group>"; };
		3F1A516E1BEB46A800FF0554 /* Assets.xcassets */ = {isa = PBXFileReference; lastKnownFileType = folder.assetcatalog; path = Assets.xcassets; sourceTree = "<group>"; };
		3F1A51711BEB46A800FF0554 /* Base */ = {isa = PBXFileReference; lastKnownFileType = file.storyboard; name = Base; path = Base.lproj/LaunchScreen.storyboard; sourceTree = "<group>"; };
		3F1A51731BEB46A800FF0554 /* Info.plist */ = {isa = PBXFileReference; lastKnownFileType = text.plist.xml; path = Info.plist; sourceTree = "<group>"; };
		3F1A51781BEB46A800FF0554 /* Snap Effect to UI ComponentsTests.xctest */ = {isa = PBXFileReference; explicitFileType = wrapper.cfbundle; includeInIndex = 0; path = "Snap Effect to UI ComponentsTests.xctest"; sourceTree = BUILT_PRODUCTS_DIR; };
		3F1A517C1BEB46A800FF0554 /* Snap_Effect_to_UI_ComponentsTests.swift */ = {isa = PBXFileReference; lastKnownFileType = sourcecode.swift; path = Snap_Effect_to_UI_ComponentsTests.swift; sourceTree = "<group>"; };
		3F1A517E1BEB46A800FF0554 /* Info.plist */ = {isa = PBXFileReference; lastKnownFileType = text.plist.xml; path = Info.plist; sourceTree = "<group>"; };
		3F1A51831BEB46A800FF0554 /* Snap Effect to UI ComponentsUITests.xctest */ = {isa = PBXFileReference; explicitFileType = wrapper.cfbundle; includeInIndex = 0; path = "Snap Effect to UI ComponentsUITests.xctest"; sourceTree = BUILT_PRODUCTS_DIR; };
		3F1A51871BEB46A800FF0554 /* Snap_Effect_to_UI_ComponentsUITests.swift */ = {isa = PBXFileReference; lastKnownFileType = sourcecode.swift; path = Snap_Effect_to_UI_ComponentsUITests.swift; sourceTree = "<group>"; };
		3F1A51891BEB46A800FF0554 /* Info.plist */ = {isa = PBXFileReference; lastKnownFileType = text.plist.xml; path = Info.plist; sourceTree = "<group>"; };
/* End PBXFileReference section */

/* Begin PBXFrameworksBuildPhase section */
		3F1A51611BEB46A800FF0554 /* Frameworks */ = {
			isa = PBXFrameworksBuildPhase;
			buildActionMask = 2147483647;
			files = (
			);
			runOnlyForDeploymentPostprocessing = 0;
		};
		3F1A51751BEB46A800FF0554 /* Frameworks */ = {
			isa = PBXFrameworksBuildPhase;
			buildActionMask = 2147483647;
			files = (
			);
			runOnlyForDeploymentPostprocessing = 0;
		};
		3F1A51801BEB46A800FF0554 /* Frameworks */ = {
			isa = PBXFrameworksBuildPhase;
			buildActionMask = 2147483647;
			files = (
			);
			runOnlyForDeploymentPostprocessing = 0;
		};
/* End PBXFrameworksBuildPhase section */

/* Begin PBXGroup section */
		3F1A515B1BEB46A800FF0554 = {
			isa = PBXGroup;
			children = (
				3F1A51661BEB46A800FF0554 /* Snap Effect to UI Components */,
				3F1A517B1BEB46A800FF0554 /* Snap Effect to UI ComponentsTests */,
				3F1A51861BEB46A800FF0554 /* Snap Effect to UI ComponentsUITests */,
				3F1A51651BEB46A800FF0554 /* Products */,
			);
			sourceTree = "<group>";
		};
		3F1A51651BEB46A800FF0554 /* Products */ = {
			isa = PBXGroup;
			children = (
				3F1A51641BEB46A800FF0554 /* Snap Effect to UI Components.app */,
				3F1A51781BEB46A800FF0554 /* Snap Effect to UI ComponentsTests.xctest */,
				3F1A51831BEB46A800FF0554 /* Snap Effect to UI ComponentsUITests.xctest */,
			);
			name = Products;
			sourceTree = "<group>";
		};
		3F1A51661BEB46A800FF0554 /* Snap Effect to UI Components */ = {
			isa = PBXGroup;
			children = (
				3F1A51671BEB46A800FF0554 /* AppDelegate.swift */,
				3F1A51691BEB46A800FF0554 /* ViewController.swift */,
				3F1A516B1BEB46A800FF0554 /* Main.storyboard */,
				3F1A516E1BEB46A800FF0554 /* Assets.xcassets */,
				3F1A51701BEB46A800FF0554 /* LaunchScreen.storyboard */,
				3F1A51731BEB46A800FF0554 /* Info.plist */,
			);
			path = "Snap Effect to UI Components";
			sourceTree = "<group>";
		};
		3F1A517B1BEB46A800FF0554 /* Snap Effect to UI ComponentsTests */ = {
			isa = PBXGroup;
			children = (
				3F1A517C1BEB46A800FF0554 /* Snap_Effect_to_UI_ComponentsTests.swift */,
				3F1A517E1BEB46A800FF0554 /* Info.plist */,
			);
			path = "Snap Effect to UI ComponentsTests";
			sourceTree = "<group>";
		};
		3F1A51861BEB46A800FF0554 /* Snap Effect to UI ComponentsUITests */ = {
			isa = PBXGroup;
			children = (
				3F1A51871BEB46A800FF0554 /* Snap_Effect_to_UI_ComponentsUITests.swift */,
				3F1A51891BEB46A800FF0554 /* Info.plist */,
			);
			path = "Snap Effect to UI ComponentsUITests";
			sourceTree = "<group>";
		};
/* End PBXGroup section */

/* Begin PBXNativeTarget section */
		3F1A51631BEB46A800FF0554 /* Snap Effect to UI Components */ = {
			isa = PBXNativeTarget;
			buildConfigurationList = 3F1A518C1BEB46A800FF0554 /* Build configuration list for PBXNativeTarget "Snap Effect to UI Components" */;
			buildPhases = (
				3F1A51601BEB46A800FF0554 /* Sources */,
				3F1A51611BEB46A800FF0554 /* Frameworks */,
				3F1A51621BEB46A800FF0554 /* Resources */,
			);
			buildRules = (
			);
			dependencies = (
			);
			name = "Snap Effect to UI Components";
			productName = "Snap Effect to UI Components";
			productReference = 3F1A51641BEB46A800FF0554 /* Snap Effect to UI Components.app */;
			productType = "com.apple.product-type.application";
		};
		3F1A51771BEB46A800FF0554 /* Snap Effect to UI ComponentsTests */ = {
			isa = PBXNativeTarget;
			buildConfigurationList = 3F1A518F1BEB46A800FF0554 /* Build configuration list for PBXNativeTarget "Snap Effect to UI ComponentsTests" */;
			buildPhases = (
				3F1A51741BEB46A800FF0554 /* Sources */,
				3F1A51751BEB46A800FF0554 /* Frameworks */,
				3F1A51761BEB46A800FF0554 /* Resources */,
			);
			buildRules = (
			);
			dependencies = (
				3F1A517A1BEB46A800FF0554 /* PBXTargetDependency */,
			);
			name = "Snap Effect to UI ComponentsTests";
			productName = "Snap Effect to UI ComponentsTests";
			productReference = 3F1A51781BEB46A800FF0554 /* Snap Effect to UI ComponentsTests.xctest */;
			productType = "com.apple.product-type.bundle.unit-test";
		};
		3F1A51821BEB46A800FF0554 /* Snap Effect to UI ComponentsUITests */ = {
			isa = PBXNativeTarget;
			buildConfigurationList = 3F1A51921BEB46A800FF0554 /* Build configuration list for PBXNativeTarget "Snap Effect to UI ComponentsUITests" */;
			buildPhases = (
				3F1A517F1BEB46A800FF0554 /* Sources */,
				3F1A51801BEB46A800FF0554 /* Frameworks */,
				3F1A51811BEB46A800FF0554 /* Resources */,
			);
			buildRules = (
			);
			dependencies = (
				3F1A51851BEB46A800FF0554 /* PBXTargetDependency */,
			);
			name = "Snap Effect to UI ComponentsUITests";
			productName = "Snap Effect to UI ComponentsUITests";
			productReference = 3F1A51831BEB46A800FF0554 /* Snap Effect to UI ComponentsUITests.xctest */;
			productType = "com.apple.product-type.bundle.ui-testing";
		};
/* End PBXNativeTarget section */

/* Begin PBXProject section */
		3F1A515C1BEB46A800FF0554 /* Project object */ = {
			isa = PBXProject;
			attributes = {
				LastSwiftUpdateCheck = 0710;
				LastUpgradeCheck = 0710;
				ORGANIZATIONNAME = "Guy Azran";
				TargetAttributes = {
					3F1A51631BEB46A800FF0554 = {
						CreatedOnToolsVersion = 7.1;
						DevelopmentTeam = G66W58TVAF;
					};
					3F1A51771BEB46A800FF0554 = {
						CreatedOnToolsVersion = 7.1;
						DevelopmentTeam = G66W58TVAF;
						TestTargetID = 3F1A51631BEB46A800FF0554;
					};
					3F1A51821BEB46A800FF0554 = {
						CreatedOnToolsVersion = 7.1;
						DevelopmentTeam = G66W58TVAF;
						TestTargetID = 3F1A51631BEB46A800FF0554;
					};
				};
			};
			buildConfigurationList = 3F1A515F1BEB46A800FF0554 /* Build configuration list for PBXProject "Snap Effect to UI Components" */;
			compatibilityVersion = "Xcode 3.2";
			developmentRegion = English;
			hasScannedForEncodings = 0;
			knownRegions = (
				en,
				Base,
			);
			mainGroup = 3F1A515B1BEB46A800FF0554;
			productRefGroup = 3F1A51651BEB46A800FF0554 /* Products */;
			projectDirPath = "";
			projectRoot = "";
			targets = (
				3F1A51631BEB46A800FF0554 /* Snap Effect to UI Components */,
				3F1A51771BEB46A800FF0554 /* Snap Effect to UI ComponentsTests */,
				3F1A51821BEB46A800FF0554 /* Snap Effect to UI ComponentsUITests */,
			);
		};
/* End PBXProject section */

/* Begin PBXResourcesBuildPhase section */
		3F1A51621BEB46A800FF0554 /* Resources */ = {
			isa = PBXResourcesBuildPhase;
			buildActionMask = 2147483647;
			files = (
				3F1A51721BEB46A800FF0554 /* LaunchScreen.storyboard in Resources */,
				3F1A516F1BEB46A800FF0554 /* Assets.xcassets in Resources */,
				3F1A516D1BEB46A800FF0554 /* Main.storyboard in Resources */,
			);
			runOnlyForDeploymentPostprocessing = 0;
		};
		3F1A51761BEB46A800FF0554 /* Resources */ = {
			isa = PBXResourcesBuildPhase;
			buildActionMask = 2147483647;
			files = (
			);
			runOnlyForDeploymentPostprocessing = 0;
		};
		3F1A51811BEB46A800FF0554 /* Resources */ = {
			isa = PBXResourcesBuildPhase;
			buildActionMask = 2147483647;
			files = (
			);
			runOnlyForDeploymentPostprocessing = 0;
		};
/* End PBXResourcesBuildPhase section */

/* Begin PBXSourcesBuildPhase section */
		3F1A51601BEB46A800FF0554 /* Sources */ = {
			isa = PBXSourcesBuildPhase;
			buildActionMask = 2147483647;
			files = (
				3F1A516A1BEB46A800FF0554 /* ViewController.swift in Sources */,
				3F1A51681BEB46A800FF0554 /* AppDelegate.swift in Sources */,
			);
			runOnlyForDeploymentPostprocessing = 0;
		};
		3F1A51741BEB46A800FF0554 /* Sources */ = {
			isa = PBXSourcesBuildPhase;
			buildActionMask = 2147483647;
			files = (
				3F1A517D1BEB46A800FF0554 /* Snap_Effect_to_UI_ComponentsTests.swift in Sources */,
			);
			runOnlyForDeploymentPostprocessing = 0;
		};
		3F1A517F1BEB46A800FF0554 /* Sources */ = {
			isa = PBXSourcesBuildPhase;
			buildActionMask = 2147483647;
			files = (
				3F1A51881BEB46A800FF0554 /* Snap_Effect_to_UI_ComponentsUITests.swift in Sources */,
			);
			runOnlyForDeploymentPostprocessing = 0;
		};
/* End PBXSourcesBuildPhase section */

/* Begin PBXTargetDependency section */
		3F1A517A1BEB46A800FF0554 /* PBXTargetDependency */ = {
			isa = PBXTargetDependency;
			target = 3F1A51631BEB46A800FF0554 /* Snap Effect to UI Components */;
			targetProxy = 3F1A51791BEB46A800FF0554 /* PBXContainerItemProxy */;
		};
		3F1A51851BEB46A800FF0554 /* PBXTargetDependency */ = {
			isa = PBXTargetDependency;
			target = 3F1A51631BEB46A800FF0554 /* Snap Effect to UI Components */;
			targetProxy = 3F1A51841BEB46A800FF0554 /* PBXContainerItemProxy */;
		};
/* End PBXTargetDependency section */

/* Begin PBXVariantGroup section */
		3F1A516B1BEB46A800FF0554 /* Main.storyboard */ = {
			isa = PBXVariantGroup;
			children = (
				3F1A516C1BEB46A800FF0554 /* Base */,
			);
			name = Main.storyboard;
			sourceTree = "<group>";
		};
		3F1A51701BEB46A800FF0554 /* LaunchScreen.storyboard */ = {
			isa = PBXVariantGroup;
			children = (
				3F1A51711BEB46A800FF0554 /* Base */,
			);
			name = LaunchScreen.storyboard;
			sourceTree = "<group>";
		};
/* End PBXVariantGroup section */

/* Begin XCBuildConfiguration section */
		3F1A518A1BEB46A800FF0554 /* Debug */ = {
			isa = XCBuildConfiguration;
			buildSettings = {
				ALWAYS_SEARCH_USER_PATHS = NO;
				CLANG_CXX_LANGUAGE_STANDARD = "gnu++0x";
				CLANG_CXX_LIBRARY = "libc++";
				CLANG_ENABLE_MODULES = YES;
				CLANG_ENABLE_OBJC_ARC = YES;
				CLANG_WARN_BOOL_CONVERSION = YES;
				CLANG_WARN_CONSTANT_CONVERSION = YES;
				CLANG_WARN_DIRECT_OBJC_ISA_USAGE = YES_ERROR;
				CLANG_WARN_EMPTY_BODY = YES;
				CLANG_WARN_ENUM_CONVERSION = YES;
				CLANG_WARN_INT_CONVERSION = YES;
				CLANG_WARN_OBJC_ROOT_CLASS = YES_ERROR;
				CLANG_WARN_UNREACHABLE_CODE = YES;
				CLANG_WARN__DUPLICATE_METHOD_MATCH = YES;
				"CODE_SIGN_IDENTITY[sdk=iphoneos*]" = "iPhone Developer";
				COPY_PHASE_STRIP = NO;
				DEBUG_INFORMATION_FORMAT = dwarf;
				ENABLE_STRICT_OBJC_MSGSEND = YES;
				ENABLE_TESTABILITY = YES;
				GCC_C_LANGUAGE_STANDARD = gnu99;
				GCC_DYNAMIC_NO_PIC = NO;
				GCC_NO_COMMON_BLOCKS = YES;
				GCC_OPTIMIZATION_LEVEL = 0;
				GCC_PREPROCESSOR_DEFINITIONS = (
					"DEBUG=1",
					"$(inherited)",
				);
				GCC_WARN_64_TO_32_BIT_CONVERSION = YES;
				GCC_WARN_ABOUT_RETURN_TYPE = YES_ERROR;
				GCC_WARN_UNDECLARED_SELECTOR = YES;
				GCC_WARN_UNINITIALIZED_AUTOS = YES_AGGRESSIVE;
				GCC_WARN_UNUSED_FUNCTION = YES;
				GCC_WARN_UNUSED_VARIABLE = YES;
				IPHONEOS_DEPLOYMENT_TARGET = 9.1;
				MTL_ENABLE_DEBUG_INFO = YES;
				ONLY_ACTIVE_ARCH = YES;
				SDKROOT = iphoneos;
				SWIFT_OPTIMIZATION_LEVEL = "-Onone";
			};
			name = Debug;
		};
		3F1A518B1BEB46A800FF0554 /* Release */ = {
			isa = XCBuildConfiguration;
			buildSettings = {
				ALWAYS_SEARCH_USER_PATHS = NO;
				CLANG_CXX_LANGUAGE_STANDARD = "gnu++0x";
				CLANG_CXX_LIBRARY = "libc++";
				CLANG_ENABLE_MODULES = YES;
				CLANG_ENABLE_OBJC_ARC = YES;
				CLANG_WARN_BOOL_CONVERSION = YES;
				CLANG_WARN_CONSTANT_CONVERSION = YES;
				CLANG_WARN_DIRECT_OBJC_ISA_USAGE = YES_ERROR;
				CLANG_WARN_EMPTY_BODY = YES;
				CLANG_WARN_ENUM_CONVERSION = YES;
				CLANG_WARN_INT_CONVERSION = YES;
				CLANG_WARN_OBJC_ROOT_CLASS = YES_ERROR;
				CLANG_WARN_UNREACHABLE_CODE = YES;
				CLANG_WARN__DUPLICATE_METHOD_MATCH = YES;
				"CODE_SIGN_IDENTITY[sdk=iphoneos*]" = "iPhone Developer";
				COPY_PHASE_STRIP = NO;
				DEBUG_INFORMATION_FORMAT = "dwarf-with-dsym";
				ENABLE_NS_ASSERTIONS = NO;
				ENABLE_STRICT_OBJC_MSGSEND = YES;
				GCC_C_LANGUAGE_STANDARD = gnu99;
				GCC_NO_COMMON_BLOCKS = YES;
				GCC_WARN_64_TO_32_BIT_CONVERSION = YES;
				GCC_WARN_ABOUT_RETURN_TYPE = YES_ERROR;
				GCC_WARN_UNDECLARED_SELECTOR = YES;
				GCC_WARN_UNINITIALIZED_AUTOS = YES_AGGRESSIVE;
				GCC_WARN_UNUSED_FUNCTION = YES;
				GCC_WARN_UNUSED_VARIABLE = YES;
				IPHONEOS_DEPLOYMENT_TARGET = 9.1;
				MTL_ENABLE_DEBUG_INFO = NO;
				SDKROOT = iphoneos;
				VALIDATE_PRODUCT = YES;
			};
			name = Release;
		};
		3F1A518D1BEB46A800FF0554 /* Debug */ = {
			isa = XCBuildConfiguration;
			buildSettings = {
				ASSETCATALOG_COMPILER_APPICON_NAME = AppIcon;
				INFOPLIST_FILE = "Snap Effect to UI Components/Info.plist";
				LD_RUNPATH_SEARCH_PATHS = "$(inherited) @executable_path/Frameworks";
				PRODUCT_BUNDLE_IDENTIFIER = "com.example.Snap-Effect-to-UI-Components";
				PRODUCT_NAME = "$(TARGET_NAME)";
			};
			name = Debug;
		};
		3F1A518E1BEB46A800FF0554 /* Release */ = {
			isa = XCBuildConfiguration;
			buildSettings = {
				ASSETCATALOG_COMPILER_APPICON_NAME = AppIcon;
				INFOPLIST_FILE = "Snap Effect to UI Components/Info.plist";
				LD_RUNPATH_SEARCH_PATHS = "$(inherited) @executable_path/Frameworks";
				PRODUCT_BUNDLE_IDENTIFIER = "com.example.Snap-Effect-to-UI-Components";
				PRODUCT_NAME = "$(TARGET_NAME)";
			};
			name = Release;
		};
		3F1A51901BEB46A800FF0554 /* Debug */ = {
			isa = XCBuildConfiguration;
			buildSettings = {
				BUNDLE_LOADER = "$(TEST_HOST)";
				INFOPLIST_FILE = "Snap Effect to UI ComponentsTests/Info.plist";
				LD_RUNPATH_SEARCH_PATHS = "$(inherited) @executable_path/Frameworks @loader_path/Frameworks";
				PRODUCT_BUNDLE_IDENTIFIER = "com.example.Snap-Effect-to-UI-ComponentsTests";
				PRODUCT_NAME = "$(TARGET_NAME)";
				TEST_HOST = "$(BUILT_PRODUCTS_DIR)/Snap Effect to UI Components.app/Snap Effect to UI Components";
			};
			name = Debug;
		};
		3F1A51911BEB46A800FF0554 /* Release */ = {
			isa = XCBuildConfiguration;
			buildSettings = {
				BUNDLE_LOADER = "$(TEST_HOST)";
				INFOPLIST_FILE = "Snap Effect to UI ComponentsTests/Info.plist";
				LD_RUNPATH_SEARCH_PATHS = "$(inherited) @executable_path/Frameworks @loader_path/Frameworks";
				PRODUCT_BUNDLE_IDENTIFIER = "com.example.Snap-Effect-to-UI-ComponentsTests";
				PRODUCT_NAME = "$(TARGET_NAME)";
				TEST_HOST = "$(BUILT_PRODUCTS_DIR)/Snap Effect to UI Components.app/Snap Effect to UI Components";
			};
			name = Release;
		};
		3F1A51931BEB46A800FF0554 /* Debug */ = {
			isa = XCBuildConfiguration;
			buildSettings = {
				INFOPLIST_FILE = "Snap Effect to UI ComponentsUITests/Info.plist";
				LD_RUNPATH_SEARCH_PATHS = "$(inherited) @executable_path/Frameworks @loader_path/Frameworks";
				PRODUCT_BUNDLE_IDENTIFIER = "com.example.Snap-Effect-to-UI-ComponentsUITests";
				PRODUCT_NAME = "$(TARGET_NAME)";
				TEST_TARGET_NAME = "Snap Effect to UI Components";
				USES_XCTRUNNER = YES;
			};
			name = Debug;
		};
		3F1A51941BEB46A800FF0554 /* Release */ = {
			isa = XCBuildConfiguration;
			buildSettings = {
				INFOPLIST_FILE = "Snap Effect to UI ComponentsUITests/Info.plist";
				LD_RUNPATH_SEARCH_PATHS = "$(inherited) @executable_path/Frameworks @loader_path/Frameworks";
				PRODUCT_BUNDLE_IDENTIFIER = "com.example.Snap-Effect-to-UI-ComponentsUITests";
				PRODUCT_NAME = "$(TARGET_NAME)";
				TEST_TARGET_NAME = "Snap Effect to UI Components";
				USES_XCTRUNNER = YES;
			};
			name = Release;
		};
/* End XCBuildConfiguration section */

/* Begin XCConfigurationList section */
		3F1A515F1BEB46A800FF0554 /* Build configuration list for PBXProject "Snap Effect to UI Components" */ = {
			isa = XCConfigurationList;
			buildConfigurations = (
				3F1A518A1BEB46A800FF0554 /* Debug */,
				3F1A518B1BEB46A800FF0554 /* Release */,
			);
			defaultConfigurationIsVisible = 0;
			defaultConfigurationName = Release;
		};
		3F1A518C1BEB46A800FF0554 /* Build configuration list for PBXNativeTarget "Snap Effect to UI Components" */ = {
			isa = XCConfigurationList;
			buildConfigurations = (
				3F1A518D1BEB46A800FF0554 /* Debug */,
				3F1A518E1BEB46A800FF0554 /* Release */,
			);
			defaultConfigurationIsVisible = 0;
		};
		3F1A518F1BEB46A800FF0554 /* Build configuration list for PBXNativeTarget "Snap Effect to UI ComponentsTests" */ = {
			isa = XCConfigurationList;
			buildConfigurations = (
				3F1A51901BEB46A800FF0554 /* Debug */,
				3F1A51911BEB46A800FF0554 /* Release */,
			);
			defaultConfigurationIsVisible = 0;
		};
		3F1A51921BEB46A800FF0554 /* Build configuration list for PBXNativeTarget "Snap Effect to UI ComponentsUITests" */ = {
			isa = XCConfigurationList;
			buildConfigurations = (
				3F1A51931BEB46A800FF0554 /* Debug */,
				3F1A51941BEB46A800FF0554 /* Release */,
			);
			defaultConfigurationIsVisible = 0;
		};
/* End XCConfigurationList section */
	};
	rootObject = 3F1A515C1BEB46A800FF0554 /* Project object */;
}
